
Microsoft Visual Studio Solution File, Format Version 12.00
# Visual Studio 14
VisualStudioVersion = 14.0.23107.0
MinimumVisualStudioVersion = 10.0.40219.1
Project("{FAE04EC0-301F-11D3-BF4B-00C04F79EFBC}") = "FurnitureManagement", "FurnitureManagement\FurnitureManagement.csproj", "{1E076AB0-E052-4BAB-86B5-374707AB952B}"
EndProject
Global
	GlobalSection(SolutionConfigurationPlatforms) = preSolution
		Debug|Any CPU = Debug|Any CPU
		Release|Any CPU = Release|Any CPU
	EndGlobalSection
	GlobalSection(ProjectConfigurationPlatforms) = postSolution
		{1E076AB0-E052-4BAB-86B5-374707AB952B}.Debug|Any CPU.ActiveCfg = Debug|Any CPU
		{1E076AB0-E052-4BAB-86B5-374707AB952B}.Debug|Any CPU.Build.0 = Debug|Any CPU
		{1E076AB0-E052-4BAB-86B5-374707AB952B}.Release|Any CPU.ActiveCfg = Release|Any CPU
		{1E076AB0-E052-4BAB-86B5-374707AB952B}.Release|Any CPU.Build.0 = Release|Any CPU
	EndGlobalSection
	GlobalSection(SolutionProperties) = preSolution
		HideSolutionNode = FALSE
	EndGlobalSection
EndGlobal
